
Microsoft Visual Studio Solution File, Format Version 12.00
# Visual Studio Version 16
VisualStudioVersion = 16.0.31129.286
MinimumVisualStudioVersion = 10.0.40219.1
Project("{9A19103F-16F7-4668-BE54-9A1E7A4F7556}") = "Farmer", "Farmer\Farmer.csproj", "{22DF5475-7C29-4097-8A1A-2F1A24FCC776}"
EndProject
Project("{FAE04EC0-301F-11D3-BF4B-00C04F79EFBC}") = "FarmerApp", "FarmerApp\FarmerApp.csproj", "{93F0AB3B-1CAD-4C2B-AAC0-97AD78E6BCEA}"
EndProject
Project("{FAE04EC0-301F-11D3-BF4B-00C04F79EFBC}") = "SysCalls", "Syscalls\SysCalls.csproj", "{20E9EA7C-50E2-4C0F-AF2B-28E5A99C3C1B}"
EndProject
Global
	GlobalSection(SolutionConfigurationPlatforms) = preSolution
		Debug|Any CPU = Debug|Any CPU
		Release|Any CPU = Release|Any CPU
	EndGlobalSection
	GlobalSection(ProjectConfigurationPlatforms) = postSolution
		{22DF5475-7C29-4097-8A1A-2F1A24FCC776}.Debug|Any CPU.ActiveCfg = Debug|Any CPU
		{22DF5475-7C29-4097-8A1A-2F1A24FCC776}.Debug|Any CPU.Build.0 = Debug|Any CPU
		{22DF5475-7C29-4097-8A1A-2F1A24FCC776}.Release|Any CPU.ActiveCfg = Release|Any CPU
		{22DF5475-7C29-4097-8A1A-2F1A24FCC776}.Release|Any CPU.Build.0 = Release|Any CPU
		{93F0AB3B-1CAD-4C2B-AAC0-97AD78E6BCEA}.Debug|Any CPU.ActiveCfg = Debug|Any CPU
		{93F0AB3B-1CAD-4C2B-AAC0-97AD78E6BCEA}.Debug|Any CPU.Build.0 = Debug|Any CPU
		{93F0AB3B-1CAD-4C2B-AAC0-97AD78E6BCEA}.Release|Any CPU.ActiveCfg = Release|Any CPU
		{93F0AB3B-1CAD-4C2B-AAC0-97AD78E6BCEA}.Release|Any CPU.Build.0 = Release|Any CPU
		{20E9EA7C-50E2-4C0F-AF2B-28E5A99C3C1B}.Debug|Any CPU.ActiveCfg = Debug|Any CPU
		{20E9EA7C-50E2-4C0F-AF2B-28E5A99C3C1B}.Debug|Any CPU.Build.0 = Debug|Any CPU
		{20E9EA7C-50E2-4C0F-AF2B-28E5A99C3C1B}.Release|Any CPU.ActiveCfg = Release|Any CPU
		{20E9EA7C-50E2-4C0F-AF2B-28E5A99C3C1B}.Release|Any CPU.Build.0 = Release|Any CPU
	EndGlobalSection
	GlobalSection(SolutionProperties) = preSolution
		HideSolutionNode = FALSE
	EndGlobalSection
	GlobalSection(ExtensibilityGlobals) = postSolution
		SolutionGuid = {F419F533-CC5A-4290-80C5-1E2AFEFC09AF}
	EndGlobalSection
EndGlobal
